
Microsoft Visual Studio Solution File, Format Version 12.00
# Visual Studio Version 17
VisualStudioVersion = 17.7.34221.43
MinimumVisualStudioVersion = 10.0.40219.1
Project("{9A19103F-16F7-4668-BE54-9A1E7A4F7556}") = "PizzaWebApp", "PizzaWebApp\PizzaWebApp.csproj", "{175B20A8-5C60-4A6A-978C-04D1981B872E}"
EndProject
Project("{FAE04EC0-301F-11D3-BF4B-00C04F79EFBC}") = "UnitTestProject", "UnitTestProject\UnitTestProject.csproj", "{D77B23B8-E1DF-4CDD-B894-2B701D8C03E4}"
EndProject
Project("{FAE04EC0-301F-11D3-BF4B-00C04F79EFBC}") = "ClassLibrary", "ClassLibrary\ClassLibrary.csproj", "{CBFE7874-B24E-40FA-A692-6C7B5B77C1FE}"
EndProject
Global
	GlobalSection(SolutionConfigurationPlatforms) = preSolution
		Debug|Any CPU = Debug|Any CPU
		Release|Any CPU = Release|Any CPU
	EndGlobalSection
	GlobalSection(ProjectConfigurationPlatforms) = postSolution
		{175B20A8-5C60-4A6A-978C-04D1981B872E}.Debug|Any CPU.ActiveCfg = Debug|Any CPU
		{175B20A8-5C60-4A6A-978C-04D1981B872E}.Debug|Any CPU.Build.0 = Debug|Any CPU
		{175B20A8-5C60-4A6A-978C-04D1981B872E}.Release|Any CPU.ActiveCfg = Release|Any CPU
		{175B20A8-5C60-4A6A-978C-04D1981B872E}.Release|Any CPU.Build.0 = Release|Any CPU
		{D77B23B8-E1DF-4CDD-B894-2B701D8C03E4}.Debug|Any CPU.ActiveCfg = Debug|Any CPU
		{D77B23B8-E1DF-4CDD-B894-2B701D8C03E4}.Debug|Any CPU.Build.0 = Debug|Any CPU
		{D77B23B8-E1DF-4CDD-B894-2B701D8C03E4}.Release|Any CPU.ActiveCfg = Release|Any CPU
		{D77B23B8-E1DF-4CDD-B894-2B701D8C03E4}.Release|Any CPU.Build.0 = Release|Any CPU
		{CBFE7874-B24E-40FA-A692-6C7B5B77C1FE}.Debug|Any CPU.ActiveCfg = Debug|Any CPU
		{CBFE7874-B24E-40FA-A692-6C7B5B77C1FE}.Debug|Any CPU.Build.0 = Debug|Any CPU
		{CBFE7874-B24E-40FA-A692-6C7B5B77C1FE}.Release|Any CPU.ActiveCfg = Release|Any CPU
		{CBFE7874-B24E-40FA-A692-6C7B5B77C1FE}.Release|Any CPU.Build.0 = Release|Any CPU
	EndGlobalSection
	GlobalSection(SolutionProperties) = preSolution
		HideSolutionNode = FALSE
	EndGlobalSection
	GlobalSection(ExtensibilityGlobals) = postSolution
		SolutionGuid = {6D87D879-BF55-45C2-B84F-2230AEC58CF5}
	EndGlobalSection
EndGlobal
